// !$*UTF8*$!
{
	archiveVersion = 1;
	classes = {
	};
	objectVersion = 46;
	objects = {

/* Begin PBXBuildFile section */
		85822AB41FE65BED006A5578 /* AppDelegate.swift in Sources */ = {isa = PBXBuildFile; fileRef = 85822AB31FE65BED006A5578 /* AppDelegate.swift */; };
		85822AB61FE65BED006A5578 /* ViewController.swift in Sources */ = {isa = PBXBuildFile; fileRef = 85822AB51FE65BED006A5578 /* ViewController.swift */; };
		85822AB91FE65BED006A5578 /* Main.storyboard in Resources */ = {isa = PBXBuildFile; fileRef = 85822AB71FE65BED006A5578 /* Main.storyboard */; };
		85822ABB1FE65BED006A5578 /* Assets.xcassets in Resources */ = {isa = PBXBuildFile; fileRef = 85822ABA1FE65BED006A5578 /* Assets.xcassets */; };
		85822ABE1FE65BED006A5578 /* LaunchScreen.storyboard in Resources */ = {isa = PBXBuildFile; fileRef = 85822ABC1FE65BED006A5578 /* LaunchScreen.storyboard */; };
/* End PBXBuildFile section */

/* Begin PBXFileReference section */
		85822AB01FE65BED006A5578 /* DiceGame.app */ = {isa = PBXFileReference; explicitFileType = wrapper.application; includeInIndex = 0; path = DiceGame.app; sourceTree = BUILT_PRODUCTS_DIR; };
		85822AB31FE65BED006A5578 /* AppDelegate.swift */ = {isa = PBXFileReference; lastKnownFileType = sourcecode.swift; path = AppDelegate.swift; sourceTree = "<group>"; };
		85822AB51FE65BED006A5578 /* ViewController.swift */ = {isa = PBXFileReference; lastKnownFileType = sourcecode.swift; path = ViewController.swift; sourceTree = "<group>"; };
		85822AB81FE65BED006A5578 /* Base */ = {isa = PBXFileReference; lastKnownFileType = file.storyboard; name = Base; path = Base.lproj/Main.storyboard; sourceTree = "<group>"; };
		85822ABA1FE65BED006A5578 /* Assets.xcassets */ = {isa = PBXFileReference; lastKnownFileType = folder.assetcatalog; path = Assets.xcassets; sourceTree = "<group>"; };
		85822ABD1FE65BED006A5578 /* Base */ = {isa = PBXFileReference; lastKnownFileType = file.storyboard; name = Base; path = Base.lproj/LaunchScreen.storyboard; sourceTree = "<group>"; };
		85822ABF1FE65BED006A5578 /* Info.plist */ = {isa = PBXFileReference; lastKnownFileType = text.plist.xml; path = Info.plist; sourceTree = "<group>"; };
/* End PBXFileReference section */

/* Begin PBXFrameworksBuildPhase section */
		85822AAD1FE65BED006A5578 /* Frameworks */ = {
			isa = PBXFrameworksBuildPhase;
			buildActionMask = 2147483647;
			files = (
			);
			runOnlyForDeploymentPostprocessing = 0;
		};
/* End PBXFrameworksBuildPhase section */

/* Begin PBXGroup section */
		85822AA71FE65BEC006A5578 = {
			isa = PBXGroup;
			children = (
				85822AB21FE65BED006A5578 /* DiceGame */,
				85822AB11FE65BED006A5578 /* Products */,
			);
			sourceTree = "<group>";
		};
		85822AB11FE65BED006A5578 /* Products */ = {
			isa = PBXGroup;
			children = (
				85822AB01FE65BED006A5578 /* DiceGame.app */,
			);
			name = Products;
			sourceTree = "<group>";
		};
		85822AB21FE65BED006A5578 /* DiceGame */ = {
			isa = PBXGroup;
			children = (
				85822AB31FE65BED006A5578 /* AppDelegate.swift */,
				85822AB51FE65BED006A5578 /* ViewController.swift */,
				85822AB71FE65BED006A5578 /* Main.storyboard */,
				85822ABA1FE65BED006A5578 /* Assets.xcassets */,
				85822ABC1FE65BED006A5578 /* LaunchScreen.storyboard */,
				85822ABF1FE65BED006A5578 /* Info.plist */,
			);
			path = DiceGame;
			sourceTree = "<group>";
		};
/* End PBXGroup section */

/* Begin PBXNativeTarget section */
		85822AAF1FE65BED006A5578 /* DiceGame */ = {
			isa = PBXNativeTarget;
			buildConfigurationList = 85822AC21FE65BED006A5578 /* Build configuration list for PBXNativeTarget "DiceGame" */;
			buildPhases = (
				85822AAC1FE65BED006A5578 /* Sources */,
				85822AAD1FE65BED006A5578 /* Frameworks */,
				85822AAE1FE65BED006A5578 /* Resources */,
			);
			buildRules = (
			);
			dependencies = (
			);
			name = DiceGame;
			productName = DiceGame;
			productReference = 85822AB01FE65BED006A5578 /* DiceGame.app */;
			productType = "com.apple.product-type.application";
		};
/* End PBXNativeTarget section */

/* Begin PBXProject section */
		85822AA81FE65BEC006A5578 /* Project object */ = {
			isa = PBXProject;
			attributes = {
				LastSwiftUpdateCheck = 0810;
				LastUpgradeCheck = 0810;
				ORGANIZATIONNAME = TagTechLtd;
				TargetAttributes = {
					85822AAF1FE65BED006A5578 = {
						CreatedOnToolsVersion = 8.1;
						DevelopmentTeam = 52Q8BNB55D;
						ProvisioningStyle = Automatic;
					};
				};
			};
			buildConfigurationList = 85822AAB1FE65BEC006A5578 /* Build configuration list for PBXProject "DiceGame" */;
			compatibilityVersion = "Xcode 3.2";
			developmentRegion = English;
			hasScannedForEncodings = 0;
			knownRegions = (
				en,
				Base,
			);
			mainGroup = 85822AA71FE65BEC006A5578;
			productRefGroup = 85822AB11FE65BED006A5578 /* Products */;
			projectDirPath = "";
			projectRoot = "";
			targets = (
				85822AAF1FE65BED006A5578 /* DiceGame */,
			);
		};
/* End PBXProject section */

/* Begin PBXResourcesBuildPhase section */
		85822AAE1FE65BED006A5578 /* Resources */ = {
			isa = PBXResourcesBuildPhase;
			buildActionMask = 2147483647;
			files = (
				85822ABE1FE65BED006A5578 /* LaunchScreen.storyboard in Resources */,
				85822ABB1FE65BED006A5578 /* Assets.xcassets in Resources */,
				85822AB91FE65BED006A5578 /* Main.storyboard in Resources */,
			);
			runOnlyForDeploymentPostprocessing = 0;
		};
/* End PBXResourcesBuildPhase section */

/* Begin PBXSourcesBuildPhase section */
		85822AAC1FE65BED006A5578 /* Sources */ = {
			isa = PBXSourcesBuildPhase;
			buildActionMask = 2147483647;
			files = (
				85822AB61FE65BED006A5578 /* ViewController.swift in Sources */,
				85822AB41FE65BED006A5578 /* AppDelegate.swift in Sources */,
			);
			runOnlyForDeploymentPostprocessing = 0;
		};
/* End PBXSourcesBuildPhase section */

/* Begin PBXVariantGroup section */
		85822AB71FE65BED006A5578 /* Main.storyboard */ = {
			isa = PBXVariantGroup;
			children = (
				85822AB81FE65BED006A5578 /* Base */,
			);
			name = Main.storyboard;
			sourceTree = "<group>";
		};
		85822ABC1FE65BED006A5578 /* LaunchScreen.storyboard */ = {
			isa = PBXVariantGroup;
			children = (
				85822ABD1FE65BED006A5578 /* Base */,
			);
			name = LaunchScreen.storyboard;
			sourceTree = "<group>";
		};
/* End PBXVariantGroup section */

/* Begin XCBuildConfiguration section */
		85822AC01FE65BED006A5578 /* Debug */ = {
			isa = XCBuildConfiguration;
			buildSettings = {
				ALWAYS_SEARCH_USER_PATHS = NO;
				CLANG_ANALYZER_NONNULL = YES;
				CLANG_CXX_LANGUAGE_STANDARD = "gnu++0x";
				CLANG_CXX_LIBRARY = "libc++";
				CLANG_ENABLE_MODULES = YES;
				CLANG_ENABLE_OBJC_ARC = YES;
				CLANG_WARN_BOOL_CONVERSION = YES;
				CLANG_WARN_CONSTANT_CONVERSION = YES;
				CLANG_WARN_DIRECT_OBJC_ISA_USAGE = YES_ERROR;
				CLANG_WARN_DOCUMENTATION_COMMENTS = YES;
				CLANG_WARN_EMPTY_BODY = YES;
				CLANG_WARN_ENUM_CONVERSION = YES;
				CLANG_WARN_INFINITE_RECURSION = YES;
				CLANG_WARN_INT_CONVERSION = YES;
				CLANG_WARN_OBJC_ROOT_CLASS = YES_ERROR;
				CLANG_WARN_SUSPICIOUS_MOVES = YES;
				CLANG_WARN_UNREACHABLE_CODE = YES;
				CLANG_WARN__DUPLICATE_METHOD_MATCH = YES;
				"CODE_SIGN_IDENTITY[sdk=iphoneos*]" = "iPhone Developer";
				COPY_PHASE_STRIP = NO;
				DEBUG_INFORMATION_FORMAT = dwarf;
				ENABLE_STRICT_OBJC_MSGSEND = YES;
				ENABLE_TESTABILITY = YES;
				GCC_C_LANGUAGE_STANDARD = gnu99;
				GCC_DYNAMIC_NO_PIC = NO;
				GCC_NO_COMMON_BLOCKS = YES;
				GCC_OPTIMIZATION_LEVEL = 0;
				GCC_PREPROCESSOR_DEFINITIONS = (
					"DEBUG=1",
					"$(inherited)",
				);
				GCC_WARN_64_TO_32_BIT_CONVERSION = YES;
				GCC_WARN_ABOUT_RETURN_TYPE = YES_ERROR;
				GCC_WARN_UNDECLARED_SELECTOR = YES;
				GCC_WARN_UNINITIALIZED_AUTOS = YES_AGGRESSIVE;
				GCC_WARN_UNUSED_FUNCTION = YES;
				GCC_WARN_UNUSED_VARIABLE = YES;
				IPHONEOS_DEPLOYMENT_TARGET = 10.1;
				MTL_ENABLE_DEBUG_INFO = YES;
				ONLY_ACTIVE_ARCH = YES;
				SDKROOT = iphoneos;
				SWIFT_ACTIVE_COMPILATION_CONDITIONS = DEBUG;
				SWIFT_OPTIMIZATION_LEVEL = "-Onone";
			};
			name = Debug;
		};
		85822AC11FE65BED006A5578 /* Release */ = {
			isa = XCBuildConfiguration;
			buildSettings = {
				ALWAYS_SEARCH_USER_PATHS = NO;
				CLANG_ANALYZER_NONNULL = YES;
				CLANG_CXX_LANGUAGE_STANDARD = "gnu++0x";
				CLANG_CXX_LIBRARY = "libc++";
				CLANG_ENABLE_MODULES = YES;
				CLANG_ENABLE_OBJC_ARC = YES;
				CLANG_WARN_BOOL_CONVERSION = YES;
				CLANG_WARN_CONSTANT_CONVERSION = YES;
				CLANG_WARN_DIRECT_OBJC_ISA_USAGE = YES_ERROR;
				CLANG_WARN_DOCUMENTATION_COMMENTS = YES;
				CLANG_WARN_EMPTY_BODY = YES;
				CLANG_WARN_ENUM_CONVERSION = YES;
				CLANG_WARN_INFINITE_RECURSION = YES;
				CLANG_WARN_INT_CONVERSION = YES;
				CLANG_WARN_OBJC_ROOT_CLASS = YES_ERROR;
				CLANG_WARN_SUSPICIOUS_MOVES = YES;
				CLANG_WARN_UNREACHABLE_CODE = YES;
				CLANG_WARN__DUPLICATE_METHOD_MATCH = YES;
				"CODE_SIGN_IDENTITY[sdk=iphoneos*]" = "iPhone Developer";
				COPY_PHASE_STRIP = NO;
				DEBUG_INFORMATION_FORMAT = "dwarf-with-dsym";
				ENABLE_NS_ASSERTIONS = NO;
				ENABLE_STRICT_OBJC_MSGSEND = YES;
				GCC_C_LANGUAGE_STANDARD = gnu99;
				GCC_NO_COMMON_BLOCKS = YES;
				GCC_WARN_64_TO_32_BIT_CONVERSION = YES;
				GCC_WARN_ABOUT_RETURN_TYPE = YES_ERROR;
				GCC_WARN_UNDECLARED_SELECTOR = YES;
				GCC_WARN_UNINITIALIZED_AUTOS = YES_AGGRESSIVE;
				GCC_WARN_UNUSED_FUNCTION = YES;
				GCC_WARN_UNUSED_VARIABLE = YES;
				IPHONEOS_DEPLOYMENT_TARGET = 10.1;
				MTL_ENABLE_DEBUG_INFO = NO;
				SDKROOT = iphoneos;
				SWIFT_OPTIMIZATION_LEVEL = "-Owholemodule";
				VALIDATE_PRODUCT = YES;
			};
			name = Release;
		};
		85822AC31FE65BED006A5578 /* Debug */ = {
			isa = XCBuildConfiguration;
			buildSettings = {
				ASSETCATALOG_COMPILER_APPICON_NAME = AppIcon;
				DEVELOPMENT_TEAM = 52Q8BNB55D;
				INFOPLIST_FILE = DiceGame/Info.plist;
				LD_RUNPATH_SEARCH_PATHS = "$(inherited) @executable_path/Frameworks";
				PRODUCT_BUNDLE_IDENTIFIER = com.tagtech.DiceGame;
				PRODUCT_NAME = "$(TARGET_NAME)";
				SWIFT_VERSION = 3.0;
			};
			name = Debug;
		};
		85822AC41FE65BED006A5578 /* Release */ = {
			isa = XCBuildConfiguration;
			buildSettings = {
				ASSETCATALOG_COMPILER_APPICON_NAME = AppIcon;
				DEVELOPMENT_TEAM = 52Q8BNB55D;
				INFOPLIST_FILE = DiceGame/Info.plist;
				LD_RUNPATH_SEARCH_PATHS = "$(inherited) @executable_path/Frameworks";
				PRODUCT_BUNDLE_IDENTIFIER = com.tagtech.DiceGame;
				PRODUCT_NAME = "$(TARGET_NAME)";
				SWIFT_VERSION = 3.0;
			};
			name = Release;
		};
/* End XCBuildConfiguration section */

/* Begin XCConfigurationList section */
		85822AAB1FE65BEC006A5578 /* Build configuration list for PBXProject "DiceGame" */ = {
			isa = XCConfigurationList;
			buildConfigurations = (
				85822AC01FE65BED006A5578 /* Debug */,
				85822AC11FE65BED006A5578 /* Release */,
			);
			defaultConfigurationIsVisible = 0;
			defaultConfigurationName = Release;
		};
		85822AC21FE65BED006A5578 /* Build configuration list for PBXNativeTarget "DiceGame" */ = {
			isa = XCConfigurationList;
			buildConfigurations = (
				85822AC31FE65BED006A5578 /* Debug */,
				85822AC41FE65BED006A5578 /* Release */,
			);
			defaultConfigurationIsVisible = 0;
		};
/* End XCConfigurationList section */
	};
	rootObject = 85822AA81FE65BEC006A5578 /* Project object */;
}
